<?xml version="1.0" encoding="utf-8"?>
<Project ToolsVersion="4.0" xmlns="http://schemas.microsoft.com/developer/msbuild/2003">
  <ItemGroup>
    <Filter Include="Assets">
      <UniqueIdentifier>{aa2dff80-cc46-4aaa-9c9e-7784c2a0cdf0}</UniqueIdentifier>
    </Filter>
    <Filter Include="Assets\modelData">
      <UniqueIdentifier>{a27dfd5d-af93-4623-b084-aad00b7739c4}</UniqueIdentifier>
    </Filter>
    <Filter Include="character">
      <UniqueIdentifier>{c57b7107-f9f3-4b72-8f3e-8644593ed533}</UniqueIdentifier>
    </Filter>
    <Filter Include="Engine">
      <UniqueIdentifier>{0ed07148-7ddc-4db6-8b56-aad9d60f1c53}</UniqueIdentifier>
    </Filter>
    <Filter Include="Engine\graphics">
      <UniqueIdentifier>{b7a9a0ab-a792-43fe-a5a7-760b8c976aca}</UniqueIdentifier>
    </Filter>
    <Filter Include="Engine\graphics\animation">
      <UniqueIdentifier>{d83ac002-5cd8-4ff4-977a-e7b5ebce5263}</UniqueIdentifier>
    </Filter>
    <Filter Include="Engine\HID">
      <UniqueIdentifier>{bbdeed04-d9d3-4ff9-bb44-9d888be6899a}</UniqueIdentifier>
    </Filter>
    <Filter Include="Engine\level">
      <UniqueIdentifier>{73eacaf4-a5db-4539-ab55-83b9c5d4807c}</UniqueIdentifier>
    </Filter>
    <Filter Include="Engine\math">
      <UniqueIdentifier>{39e7f303-3dac-4bde-bedf-33a5497f262e}</UniqueIdentifier>
    </Filter>
    <Filter Include="Engine\physics">
      <UniqueIdentifier>{1eed4cab-11aa-4e90-960a-a01360c5a392}</UniqueIdentifier>
    </Filter>
    <Filter Include="Engine\system">
      <UniqueIdentifier>{48b58c60-bbe2-40d8-9d2f-e81d065b6820}</UniqueIdentifier>
    </Filter>
    <Filter Include="Engine\graphics\sprite">
      <UniqueIdentifier>{cece6428-5103-4a43-9598-5adb6ea4fa10}</UniqueIdentifier>
    </Filter>
    <Filter Include="Game">
      <UniqueIdentifier>{eab92e73-9992-457d-beb0-d816a8344b38}</UniqueIdentifier>
    </Filter>
    <Filter Include="Assets\sprite">
      <UniqueIdentifier>{12fa952f-c5ba-4e58-b917-f67300020b04}</UniqueIdentifier>
    </Filter>
    <Filter Include="Game\Field">
      <UniqueIdentifier>{77c7987f-8f30-4a0b-8939-e4209e2c2a8d}</UniqueIdentifier>
    </Filter>
    <Filter Include="Game\Field\Objects">
      <UniqueIdentifier>{db5e9198-1295-48da-8fe1-7ba033118e31}</UniqueIdentifier>
    </Filter>
    <Filter Include="Assets\level">
      <UniqueIdentifier>{abbc76e9-4f54-44e9-94c5-57d4d20e5fd3}</UniqueIdentifier>
    </Filter>
    <Filter Include="Game\Player">
      <UniqueIdentifier>{dd6fd15b-e245-41c6-a585-58b7090c3f43}</UniqueIdentifier>
    </Filter>
    <Filter Include="Game\Field\Objects\ObjectAbove">
      <UniqueIdentifier>{9559616f-5f17-4dbe-9321-60f45293dcf2}</UniqueIdentifier>
    </Filter>
    <Filter Include="Game\Field\Objects\ObjectAbove\FoodBox">
      <UniqueIdentifier>{6dda0e1a-f073-4688-bc99-6287c597b8bc}</UniqueIdentifier>
    </Filter>
    <Filter Include="Game\Field\Objects\Belongings">
      <UniqueIdentifier>{e0b563e7-0a3b-492c-8148-b485f55d636c}</UniqueIdentifier>
    </Filter>
    <Filter Include="Game\Field\Objects\Belongings\Foods">
      <UniqueIdentifier>{e9c280d2-1759-4e08-a4e8-fe14885db6e5}</UniqueIdentifier>
    </Filter>
    <Filter Include="Assets\sprite\gauge">
      <UniqueIdentifier>{0e7f9460-dc9d-4e5c-99fd-7f06121db3e1}</UniqueIdentifier>
    </Filter>
    <Filter Include="Game\2D">
      <UniqueIdentifier>{0e4170ad-d424-49d5-b393-7c8d05ce285b}</UniqueIdentifier>
    </Filter>
    <Filter Include="Game\Field\Objects\Belongings\KitchenWare">
      <UniqueIdentifier>{43935b55-2a97-4b4b-a84b-3c07902152f0}</UniqueIdentifier>
    </Filter>
    <Filter Include="Assets\modelData\2D">
      <UniqueIdentifier>{64f2eb97-a4a9-47cd-8d1a-1ac29f3bd932}</UniqueIdentifier>
    </Filter>
    <Filter Include="Engine\sound">
      <UniqueIdentifier>{8a1ed48f-bbd8-462f-9f88-2c9dffc498d8}</UniqueIdentifier>
    </Filter>
    <Filter Include="Game\2D\Stage">
      <UniqueIdentifier>{c85f2f90-21b1-4502-a8e0-e28cf26f0f8c}</UniqueIdentifier>
    </Filter>
    <Filter Include="Game\2D\Icon">
      <UniqueIdentifier>{85799918-81eb-40e0-a2f9-4819b993536f}</UniqueIdentifier>
    </Filter>
    <Filter Include="Game\2D\Stage\Order">
      <UniqueIdentifier>{4099d64c-18d3-4a9f-906d-ac5afab8df75}</UniqueIdentifier>
    </Filter>
    <Filter Include="Assets\sprite\orderSheet">
      <UniqueIdentifier>{c8cab3d2-5dd7-4162-bab8-36c54b1334b0}</UniqueIdentifier>
    </Filter>
  </ItemGroup>
  <ItemGroup>
    <ClCompile Include="math\Vector.cpp">
      <Filter>Engine\math</Filter>
    </ClCompile>
    <ClCompile Include="math\kMath.cpp">
      <Filter>Engine\math</Filter>
    </ClCompile>
    <ClCompile Include="math\Matrix.cpp">
      <Filter>Engine\math</Filter>
    </ClCompile>
    <ClCompile Include="graphics\GraphicsEngine.cpp">
      <Filter>Engine\graphics</Filter>
    </ClCompile>
    <ClCompile Include="graphics\SkinModel.cpp">
      <Filter>Engine\graphics</Filter>
    </ClCompile>
    <ClCompile Include="graphics\SkinModelDataManager.cpp">
      <Filter>Engine\graphics</Filter>
    </ClCompile>
    <ClCompile Include="graphics\Skeleton.cpp">
      <Filter>Engine\graphics</Filter>
    </ClCompile>
    <ClCompile Include="graphics\SkinModelEffect.cpp">
      <Filter>Engine\graphics</Filter>
    </ClCompile>
    <ClCompile Include="graphics\Shader.cpp">
      <Filter>Engine\graphics</Filter>
    </ClCompile>
    <ClCompile Include="graphics\ShaderResources.cpp">
      <Filter>Engine\graphics</Filter>
    </ClCompile>
    <ClCompile Include="graphics\animation\Animation.cpp">
      <Filter>Engine\graphics\animation</Filter>
    </ClCompile>
    <ClCompile Include="graphics\animation\AnimationClip.cpp">
      <Filter>Engine\graphics\animation</Filter>
    </ClCompile>
    <ClCompile Include="graphics\animation\AnimationPlayController.cpp">
      <Filter>Engine\graphics\animation</Filter>
    </ClCompile>
    <ClCompile Include="HID\Pad.cpp">
      <Filter>Engine\HID</Filter>
    </ClCompile>
    <ClCompile Include="system\system.cpp">
      <Filter>Engine\system</Filter>
    </ClCompile>
    <ClCompile Include="graphics\Camera.cpp">
      <Filter>Engine\graphics</Filter>
    </ClCompile>
    <ClCompile Include="physics\RigidBody.cpp">
      <Filter>Engine\physics</Filter>
    </ClCompile>
    <ClCompile Include="physics\Physics.cpp">
      <Filter>Engine\physics</Filter>
    </ClCompile>
    <ClCompile Include="physics\MeshCollider.cpp">
      <Filter>Engine\physics</Filter>
    </ClCompile>
    <ClCompile Include="physics\CapsuleCollider.cpp">
      <Filter>Engine\physics</Filter>
    </ClCompile>
    <ClCompile Include="character\CharacterController.cpp">
      <Filter>character</Filter>
    </ClCompile>
    <ClCompile Include="level\Level.cpp">
      <Filter>Engine\level</Filter>
    </ClCompile>
    <ClCompile Include="level\MapChip.cpp">
      <Filter>Engine\level</Filter>
    </ClCompile>
    <ClCompile Include="main.cpp" />
    <ClCompile Include="stdafx.cpp" />
    <ClCompile Include="GameObject.cpp">
      <Filter>Engine</Filter>
    </ClCompile>
    <ClCompile Include="GameObjectManager.cpp">
      <Filter>Engine</Filter>
    </ClCompile>
    <ClCompile Include="Noncopy.cpp">
      <Filter>Engine</Filter>
    </ClCompile>
    <ClCompile Include="SpBuffer.cpp">
      <Filter>Engine</Filter>
    </ClCompile>
    <ClCompile Include="SpriteRender.cpp">
      <Filter>Engine\graphics\sprite</Filter>
    </ClCompile>
    <ClCompile Include="Sprite.cpp">
      <Filter>Engine\graphics\sprite</Filter>
    </ClCompile>
    <ClCompile Include="Game.cpp">
      <Filter>Game</Filter>
    </ClCompile>
    <ClCompile Include="SkinModelRender.cpp">
      <Filter>Engine\graphics</Filter>
    </ClCompile>
    <ClCompile Include="Stage_1.cpp">
      <Filter>Game\Field</Filter>
    </ClCompile>
    <ClCompile Include="StageBase.cpp">
      <Filter>Game\Field</Filter>
    </ClCompile>
    <ClCompile Include="StageObject.cpp">
      <Filter>Game\Field\Objects</Filter>
    </ClCompile>
    <ClCompile Include="StageSelect.cpp">
      <Filter>Game\Field</Filter>
    </ClCompile>
    <ClCompile Include="physics\PhysicsStaticObject.cpp">
      <Filter>Engine\physics</Filter>
    </ClCompile>
    <ClCompile Include="DustBox.cpp">
      <Filter>Game\Field\Objects</Filter>
    </ClCompile>
    <ClCompile Include="Player.cpp">
      <Filter>Game\Player</Filter>
    </ClCompile>
    <ClCompile Include="CuttingBoard.cpp">
      <Filter>Game\Field\Objects</Filter>
    </ClCompile>
    <ClCompile Include="FoodBox.cpp">
      <Filter>Game\Field\Objects\ObjectAbove\FoodBox</Filter>
    </ClCompile>
    <ClCompile Include="TomatoBox.cpp">
      <Filter>Game\Field\Objects\ObjectAbove\FoodBox</Filter>
    </ClCompile>
    <ClCompile Include="OnionBox.cpp">
      <Filter>Game\Field\Objects\ObjectAbove\FoodBox</Filter>
    </ClCompile>
    <ClCompile Include="Knife.cpp">
      <Filter>Game\Field\Objects</Filter>
    </ClCompile>
    <ClCompile Include="SceneItemManager.cpp" />
    <ClCompile Include="ObjectAbove.cpp">
      <Filter>Game\Field\Objects\ObjectAbove</Filter>
    </ClCompile>
    <ClCompile Include="Desk.cpp">
      <Filter>Game\Field\Objects\ObjectAbove</Filter>
    </ClCompile>
    <ClCompile Include="GasStove.cpp">
      <Filter>Game\Field\Objects\ObjectAbove</Filter>
    </ClCompile>
    <ClCompile Include="DishHold.cpp">
      <Filter>Game\Field\Objects\ObjectAbove</Filter>
    </ClCompile>
    <ClCompile Include="Kitchen.cpp">
      <Filter>Game\Field\Objects\ObjectAbove</Filter>
    </ClCompile>
    <ClCompile Include="Delivery.cpp">
      <Filter>Game\Field\Objects\ObjectAbove</Filter>
    </ClCompile>
    <ClCompile Include="Belongings.cpp">
      <Filter>Game\Field\Objects\Belongings</Filter>
    </ClCompile>
    <ClCompile Include="Onion.cpp">
      <Filter>Game\Field\Objects\Belongings\Foods</Filter>
    </ClCompile>
    <ClCompile Include="Tomato.cpp">
      <Filter>Game\Field\Objects\Belongings\Foods</Filter>
    </ClCompile>
    <ClCompile Include="CuttingDesk.cpp">
      <Filter>Game\Field\Objects\ObjectAbove</Filter>
    </ClCompile>
    <ClCompile Include="Title.cpp">
      <Filter>Game\2D</Filter>
    </ClCompile>
    <ClCompile Include="Pot.cpp">
      <Filter>Game\Field\Objects\Belongings\KitchenWare</Filter>
    </ClCompile>
    <ClCompile Include="SoupBase.cpp">
      <Filter>Game\Field\Objects</Filter>
    </ClCompile>
    <ClCompile Include="ShadowMap.cpp">
      <Filter>Engine\graphics</Filter>
    </ClCompile>
    <ClCompile Include="RenderTarget.cpp">
      <Filter>Engine\graphics</Filter>
    </ClCompile>
    <ClCompile Include="Dish.cpp">
      <Filter>Game\Field\Objects\Belongings</Filter>
    </ClCompile>
    <ClCompile Include="Cuisine.cpp">
      <Filter>Game\Field\Objects</Filter>
    </ClCompile>
    <ClCompile Include="DishDirty.cpp">
      <Filter>Game\Field\Objects\Belongings</Filter>
    </ClCompile>
    <ClCompile Include="Effect.cpp">
      <Filter>Engine</Filter>
    </ClCompile>
    <ClCompile Include="sound\WaveFile.cpp">
      <Filter>Engine\sound</Filter>
    </ClCompile>
    <ClCompile Include="sound\WaveFileBank.cpp">
      <Filter>Engine\sound</Filter>
    </ClCompile>
    <ClCompile Include="sound\SoundEngine.cpp">
      <Filter>Engine\sound</Filter>
    </ClCompile>
    <ClCompile Include="sound\SoundSource.cpp">
      <Filter>Engine\sound</Filter>
    </ClCompile>
    <ClCompile Include="Score.cpp">
      <Filter>Game\2D\Stage</Filter>
    </ClCompile>
    <ClCompile Include="Timer.cpp">
      <Filter>Game\2D\Stage</Filter>
    </ClCompile>
    <ClCompile Include="Gauge.cpp">
      <Filter>Game\2D\Icon</Filter>
    </ClCompile>
    <ClCompile Include="Check.cpp">
      <Filter>Game\2D\Icon</Filter>
    </ClCompile>
    <ClCompile Include="Danger.cpp">
      <Filter>Game\2D\Icon</Filter>
    </ClCompile>
    <ClCompile Include="Fire.cpp">
      <Filter>Game\2D\Icon</Filter>
    </ClCompile>
    <ClCompile Include="OrderSheet.cpp">
      <Filter>Game\2D\Stage\Order</Filter>
    </ClCompile>
    <ClCompile Include="OrderGenerations.cpp">
      <Filter>Game\2D\Stage</Filter>
    </ClCompile>
    <ClCompile Include="FoodSheetGenerations.cpp">
      <Filter>Game\2D\Stage</Filter>
    </ClCompile>
    <ClCompile Include="kari.cpp" />
  </ItemGroup>
  <ItemGroup>
    <ClInclude Include="math\Vector.h">
      <Filter>Engine\math</Filter>
    </ClInclude>
    <ClInclude Include="math\kMath.h">
      <Filter>Engine\math</Filter>
    </ClInclude>
    <ClInclude Include="math\Matrix.h">
      <Filter>Engine\math</Filter>
    </ClInclude>
    <ClInclude Include="graphics\GraphicsEngine.h">
      <Filter>Engine\graphics</Filter>
    </ClInclude>
    <ClInclude Include="graphics\SkinModel.h">
      <Filter>Engine\graphics</Filter>
    </ClInclude>
    <ClInclude Include="graphics\SkinModelDataManager.h">
      <Filter>Engine\graphics</Filter>
    </ClInclude>
    <ClInclude Include="graphics\Skeleton.h">
      <Filter>Engine\graphics</Filter>
    </ClInclude>
    <ClInclude Include="graphics\SkinModelEffect.h">
      <Filter>Engine\graphics</Filter>
    </ClInclude>
    <ClInclude Include="graphics\Shader.h">
      <Filter>Engine\graphics</Filter>
    </ClInclude>
    <ClInclude Include="graphics\SkinModelShaderConst.h">
      <Filter>Engine\graphics</Filter>
    </ClInclude>
    <ClInclude Include="graphics\ShaderResources.h">
      <Filter>Engine\graphics</Filter>
    </ClInclude>
    <ClInclude Include="graphics\animation\Animation.h">
      <Filter>Engine\graphics\animation</Filter>
    </ClInclude>
    <ClInclude Include="graphics\animation\AnimationClip.h">
      <Filter>Engine\graphics\animation</Filter>
    </ClInclude>
    <ClInclude Include="graphics\animation\AnimationPlayController.h">
      <Filter>Engine\graphics\animation</Filter>
    </ClInclude>
    <ClInclude Include="HID\Pad.h">
      <Filter>Engine\HID</Filter>
    </ClInclude>
    <ClInclude Include="system\system.h">
      <Filter>Engine\system</Filter>
    </ClInclude>
    <ClInclude Include="graphics\Camera.h">
      <Filter>Engine\graphics</Filter>
    </ClInclude>
    <ClInclude Include="physics\RigidBody.h">
      <Filter>Engine\physics</Filter>
    </ClInclude>
    <ClInclude Include="physics\Physics.h">
      <Filter>Engine\physics</Filter>
    </ClInclude>
    <ClInclude Include="physics\ICollider.h">
      <Filter>Engine\physics</Filter>
    </ClInclude>
    <ClInclude Include="physics\MeshCollider.h">
      <Filter>Engine\physics</Filter>
    </ClInclude>
    <ClInclude Include="physics\CapsuleCollider.h">
      <Filter>Engine\physics</Filter>
    </ClInclude>
    <ClInclude Include="physics\CollisionAttr.h">
      <Filter>Engine\physics</Filter>
    </ClInclude>
    <ClInclude Include="physics\PhysicsStaticObject.h">
      <Filter>Engine\physics</Filter>
    </ClInclude>
    <ClInclude Include="character\CharacterController.h">
      <Filter>character</Filter>
    </ClInclude>
    <ClInclude Include="level\Level.h">
      <Filter>Engine\level</Filter>
    </ClInclude>
    <ClInclude Include="level\MapChip.h">
      <Filter>Engine\level</Filter>
    </ClInclude>
    <ClInclude Include="stdafx.h" />
    <ClInclude Include="GameObject.h">
      <Filter>Engine</Filter>
    </ClInclude>
    <ClInclude Include="GameObjectManager.h">
      <Filter>Engine</Filter>
    </ClInclude>
    <ClInclude Include="Noncopy.h">
      <Filter>Engine</Filter>
    </ClInclude>
    <ClInclude Include="Effect.h">
      <Filter>Engine</Filter>
    </ClInclude>
    <ClInclude Include="SpBuffer.h">
      <Filter>Engine</Filter>
    </ClInclude>
    <ClInclude Include="SpriteRender.h">
      <Filter>Engine\graphics\sprite</Filter>
    </ClInclude>
    <ClInclude Include="Sprite.h">
      <Filter>Engine\graphics\sprite</Filter>
    </ClInclude>
    <ClInclude Include="Game.h">
      <Filter>Game</Filter>
    </ClInclude>
    <ClInclude Include="SkinModelRender.h">
      <Filter>Engine\graphics</Filter>
    </ClInclude>
    <ClInclude Include="Stage_1.h">
      <Filter>Game\Field</Filter>
    </ClInclude>
    <ClInclude Include="StageBase.h">
      <Filter>Game\Field</Filter>
    </ClInclude>
    <ClInclude Include="StageObject.h">
      <Filter>Game\Field\Objects</Filter>
    </ClInclude>
    <ClInclude Include="PhysicsDebugDraw.h">
      <Filter>Engine\physics</Filter>
    </ClInclude>
    <ClInclude Include="Primitive.h">
      <Filter>Engine\physics</Filter>
    </ClInclude>
    <ClInclude Include="StageSelect.h">
      <Filter>Game\Field</Filter>
    </ClInclude>
    <ClInclude Include="CIndexBuffer.h">
      <Filter>Engine\physics</Filter>
    </ClInclude>
    <ClInclude Include="CVertexBuffer.h">
      <Filter>Engine\physics</Filter>
    </ClInclude>
    <ClInclude Include="ConstantBuffer.h">
      <Filter>Engine\physics</Filter>
    </ClInclude>
    <ClInclude Include="GPUBuffer.h">
      <Filter>Engine\physics</Filter>
    </ClInclude>
    <ClInclude Include="VertexBuffer.h">
      <Filter>Engine\physics</Filter>
    </ClInclude>
    <ClInclude Include="DustBox.h">
      <Filter>Game\Field\Objects</Filter>
    </ClInclude>
    <ClInclude Include="Player.h">
      <Filter>Game\Player</Filter>
    </ClInclude>
    <ClInclude Include="CuttingBoard.h">
      <Filter>Game\Field\Objects</Filter>
    </ClInclude>
    <ClInclude Include="FoodBox.h">
      <Filter>Game\Field\Objects\ObjectAbove\FoodBox</Filter>
    </ClInclude>
    <ClInclude Include="TomatoBox.h">
      <Filter>Game\Field\Objects\ObjectAbove\FoodBox</Filter>
    </ClInclude>
    <ClInclude Include="OnionBox.h">
      <Filter>Game\Field\Objects\ObjectAbove\FoodBox</Filter>
    </ClInclude>
    <ClInclude Include="Knife.h">
      <Filter>Game\Field\Objects</Filter>
    </ClInclude>
    <ClInclude Include="SceneItemManager.h" />
    <ClInclude Include="ObjectAbove.h">
      <Filter>Game\Field\Objects\ObjectAbove</Filter>
    </ClInclude>
    <ClInclude Include="Desk.h">
      <Filter>Game\Field\Objects\ObjectAbove</Filter>
    </ClInclude>
    <ClInclude Include="GasStove.h">
      <Filter>Game\Field\Objects\ObjectAbove</Filter>
    </ClInclude>
    <ClInclude Include="DishHold.h">
      <Filter>Game\Field\Objects\ObjectAbove</Filter>
    </ClInclude>
    <ClInclude Include="Kitchen.h">
      <Filter>Game\Field\Objects\ObjectAbove</Filter>
    </ClInclude>
    <ClInclude Include="Delivery.h">
      <Filter>Game\Field\Objects\ObjectAbove</Filter>
    </ClInclude>
    <ClInclude Include="Belongings.h">
      <Filter>Game\Field\Objects\Belongings</Filter>
    </ClInclude>
    <ClInclude Include="Onion.h">
      <Filter>Game\Field\Objects\Belongings\Foods</Filter>
    </ClInclude>
    <ClInclude Include="Tomato.h">
      <Filter>Game\Field\Objects\Belongings\Foods</Filter>
    </ClInclude>
    <ClInclude Include="CuttingDesk.h">
      <Filter>Game\Field\Objects\ObjectAbove</Filter>
    </ClInclude>
    <ClInclude Include="Title.h">
      <Filter>Game\2D</Filter>
    </ClInclude>
    <ClInclude Include="Pot.h">
      <Filter>Game\Field\Objects\Belongings\KitchenWare</Filter>
    </ClInclude>
    <ClInclude Include="SoupBase.h">
      <Filter>Game\Field\Objects</Filter>
    </ClInclude>
    <ClInclude Include="ShadowMap.h">
      <Filter>Engine\graphics</Filter>
    </ClInclude>
    <ClInclude Include="RenderTarget.h">
      <Filter>Engine\graphics</Filter>
    </ClInclude>
    <ClInclude Include="Dish.h">
      <Filter>Game\Field\Objects\Belongings</Filter>
    </ClInclude>
    <ClInclude Include="Cuisine.h">
      <Filter>Game\Field\Objects</Filter>
    </ClInclude>
    <ClInclude Include="DishDirty.h">
      <Filter>Game\Field\Objects\Belongings</Filter>
    </ClInclude>
    <ClInclude Include="sound\WaveFile.h">
      <Filter>Engine\sound</Filter>
    </ClInclude>
    <ClInclude Include="sound\WaveFileBank.h">
      <Filter>Engine\sound</Filter>
    </ClInclude>
    <ClInclude Include="sound\SoundEngine.h">
      <Filter>Engine\sound</Filter>
    </ClInclude>
    <ClInclude Include="sound\SoundSource.h">
      <Filter>Engine\sound</Filter>
    </ClInclude>
    <ClInclude Include="Score.h">
      <Filter>Game\2D\Stage</Filter>
    </ClInclude>
    <ClInclude Include="Timer.h">
      <Filter>Game\2D\Stage</Filter>
    </ClInclude>
    <ClInclude Include="Gauge.h">
      <Filter>Game\2D\Icon</Filter>
    </ClInclude>
    <ClInclude Include="Check.h">
      <Filter>Game\2D\Icon</Filter>
    </ClInclude>
    <ClInclude Include="Danger.h">
      <Filter>Game\2D\Icon</Filter>
    </ClInclude>
    <ClInclude Include="Fire.h">
      <Filter>Game\2D\Icon</Filter>
    </ClInclude>
    <ClInclude Include="OrderSheet.h">
      <Filter>Game\2D\Stage\Order</Filter>
    </ClInclude>
    <ClInclude Include="OrderGenerations.h">
      <Filter>Game\2D\Stage</Filter>
    </ClInclude>
    <ClInclude Include="FoodSheetGenerations.h">
      <Filter>Game\2D\Stage</Filter>
    </ClInclude>
    <ClInclude Include="kari.h" />
  </ItemGroup>
  <ItemGroup>
    <MeshContentTask Include="Assets\modelData\unityChan.fbx">
      <Filter>Assets\modelData</Filter>
    </MeshContentTask>
    <MeshContentTask Include="Assets\modelData\Chef\chef_1.FBX">
      <Filter>Assets\modelData</Filter>
    </MeshContentTask>
    <MeshContentTask Include="Assets\modelData\Desk\Desk.FBX">
      <Filter>Assets\modelData</Filter>
    </MeshContentTask>
    <MeshContentTask Include="Assets\modelData\DishHold\DishHold.FBX">
      <Filter>Assets\modelData</Filter>
    </MeshContentTask>
    <MeshContentTask Include="Assets\modelData\DustBox\DustBox.FBX">
      <Filter>Assets\modelData</Filter>
    </MeshContentTask>
    <MeshContentTask Include="Assets\modelData\Chef\chef_2.FBX">
      <Filter>Assets\modelData</Filter>
    </MeshContentTask>
    <MeshContentTask Include="Assets\modelData\cutting_board\cutting_board.FBX">
      <Filter>Assets\modelData</Filter>
    </MeshContentTask>
    <MeshContentTask Include="Assets\modelData\kitchen\kitchen.FBX">
      <Filter>Assets\modelData</Filter>
    </MeshContentTask>
    <MeshContentTask Include="Assets\modelData\Delivery\derivery.FBX">
      <Filter>Assets\modelData</Filter>
    </MeshContentTask>
    <MeshContentTask Include="Assets\modelData\ColidionBox\collidionBox.FBX">
      <Filter>Assets\modelData</Filter>
    </MeshContentTask>
    <MeshContentTask Include="Assets\modelData\ColidionBox\collidionBoxLong.FBX">
      <Filter>Assets\modelData</Filter>
    </MeshContentTask>
    <MeshContentTask Include="Assets\modelData\FoodBox\Tomato\TomatoBox.FBX">
      <Filter>Assets\modelData</Filter>
    </MeshContentTask>
    <MeshContentTask Include="Assets\modelData\FoodBox\Onion\OnionBox.FBX">
      <Filter>Assets\modelData</Filter>
    </MeshContentTask>
    <MeshContentTask Include="Assets\modelData\kari_floor.FBX">
      <Filter>Assets\modelData</Filter>
    </MeshContentTask>
    <MeshContentTask Include="Assets\modelData\Gas_stove\gas_stove.FBX">
      <Filter>Assets\modelData</Filter>
    </MeshContentTask>
    <MeshContentTask Include="Assets\modelData\Food\Tomato\Tomato.FBX">
      <Filter>Assets\modelData</Filter>
    </MeshContentTask>
    <MeshContentTask Include="Assets\modelData\Knife\Knife.FBX">
      <Filter>Assets\modelData</Filter>
    </MeshContentTask>
    <MeshContentTask Include="Assets\modelData\Food\Onion\onion.FBX">
      <Filter>Assets\modelData</Filter>
    </MeshContentTask>
    <MeshContentTask Include="Assets\modelData\cutting_board\cutting_desk.FBX">
      <Filter>Assets\modelData</Filter>
    </MeshContentTask>
    <MeshContentTask Include="Assets\modelData\Food\Tomato\TomatoCutting.FBX">
      <Filter>Assets\modelData</Filter>
    </MeshContentTask>
    <MeshContentTask Include="Assets\modelData\Pot\Pot.FBX">
      <Filter>Assets\modelData</Filter>
    </MeshContentTask>
    <MeshContentTask Include="Assets\modelData\Pot\SoupBase\tomato\soupBase_tomato.FBX">
      <Filter>Assets\modelData</Filter>
    </MeshContentTask>
    <MeshContentTask Include="Assets\modelData\Pot\SoupBase\onion\soupBase_onion.FBX">
      <Filter>Assets\modelData</Filter>
    </MeshContentTask>
    <MeshContentTask Include="Assets\modelData\Dish\Dish.FBX">
      <Filter>Assets\modelData</Filter>
    </MeshContentTask>
    <MeshContentTask Include="Assets\modelData\Cuisine\tomato_soup.FBX">
      <Filter>Assets\modelData</Filter>
    </MeshContentTask>
    <MeshContentTask Include="Assets\modelData\Cuisine\onion_soup.FBX">
      <Filter>Assets\modelData</Filter>
    </MeshContentTask>
    <MeshContentTask Include="Assets\modelData\Dish\DirtyDish.FBX">
      <Filter>Assets\modelData</Filter>
    </MeshContentTask>
    <MeshContentTask Include="Assets\modelData\Food\Onion\CuttingOnion.FBX">
      <Filter>Assets\modelData</Filter>
    </MeshContentTask>
    <MeshContentTask Include="Assets\modelData\karikkari.FBX">
      <Filter>Assets\modelData</Filter>
    </MeshContentTask>
    <MeshContentTask Include="Assets\modelData\2D\Gauge\GaugeSheet.FBX">
      <Filter>Assets\modelData\2D</Filter>
    </MeshContentTask>
    <MeshContentTask Include="Assets\modelData\2D\Gauge\Gauge.FBX">
      <Filter>Assets\modelData\2D</Filter>
    </MeshContentTask>
    <MeshContentTask Include="Assets\modelData\2D\Check\check.FBX">
      <Filter>Assets\modelData\2D</Filter>
    </MeshContentTask>
    <MeshContentTask Include="Assets\modelData\2D\Fire\fire.FBX">
      <Filter>Assets\modelData\2D</Filter>
    </MeshContentTask>
    <MeshContentTask Include="Assets\modelData\2D\Danger\danger.FBX">
      <Filter>Assets\modelData\2D</Filter>
    </MeshContentTask>
  </ItemGroup>
  <ItemGroup>
    <ImageContentTask Include="Assets\sprite\Title.png">
      <Filter>Assets\sprite</Filter>
    </ImageContentTask>
    <ImageContentTask Include="Assets\sprite\gauge\gauge.png">
      <Filter>Assets\sprite\gauge</Filter>
    </ImageContentTask>
    <ImageContentTask Include="Assets\sprite\gauge\gauge_sheet.png">
      <Filter>Assets\sprite\gauge</Filter>
    </ImageContentTask>
    <ImageContentTask Include="Assets\sprite\Timer.png">
      <Filter>Assets\sprite</Filter>
    </ImageContentTask>
    <ImageContentTask Include="Assets\sprite\coin.png">
      <Filter>Assets\sprite</Filter>
    </ImageContentTask>
    <ImageContentTask Include="Assets\sprite\orderSheet\Food_Sheet.png">
      <Filter>Assets\sprite\orderSheet</Filter>
    </ImageContentTask>
    <ImageContentTask Include="Assets\sprite\orderSheet\Food_Sheet2.png">
      <Filter>Assets\sprite\orderSheet</Filter>
    </ImageContentTask>
    <ImageContentTask Include="Assets\sprite\orderSheet\Food_Sheet3.png">
      <Filter>Assets\sprite\orderSheet</Filter>
    </ImageContentTask>
  </ItemGroup>
  <ItemGroup>
    <None Include="Assets\level\stage_1.tkl">
      <Filter>Assets\level</Filter>
    </None>
  </ItemGroup>
</Project>